# THIS IS AN AUTOGENERATED FILE. DO NOT EDIT THIS FILE DIRECTLY.
# yarn lockfile v1


mobx-state-tree@^3.14.0:
  version "3.14.0"
  resolved "https://registry.yarnpkg.com/mobx-state-tree/-/mobx-state-tree-3.14.0.tgz#8611051b93a71439db161b8ec855870cfd7e678d"
  integrity sha512-obQ+LPCff4LqX86ghQpYIVAtCmps7ewCxIds/EmSxBULj9+7Qs2v4YEbvUeWymp/Sj3dPcvDjIMMdIRz6sUE5Q==

mobx@^5.9.4:
  version "5.9.4"
  resolved "https://registry.yarnpkg.com/mobx/-/mobx-5.9.4.tgz#1dee92aba33f67b7baeeb679e3bd376a12e55812"
  integrity sha512-L9JjTX2rtQUAhCIgnHokfntNOsF14uioT9LqStf6Mya+16j56ZBe21E8Y9V59tfr2aH2kLQPD10qtCJXBuTAxw==

typescript@^3.4.5:
  version "3.4.5"
  resolved "https://registry.yarnpkg.com/typescript/-/typescript-3.4.5.tgz#2d2618d10bb566572b8d7aad5180d84257d70a99"
  integrity sha512-YycBxUb49UUhdNMU5aJ7z5Ej2XGmaIBL0x34vZ82fn3hGvD+bgrMrVDpatgz2f7YxUMJxMkbWxJZeAvDxVe7Vw==
